{
  "name": "react-app",
  "version": "0.1.0",
  "lockfileVersion": 1,
  "requires": true,
  "dependencies": {
    "crypto-js": {
      "version": "3.1.9-1",
      "resolved": "https://registry.npmjs.org/crypto-js/-/crypto-js-3.1.9-1.tgz",
      "integrity": "sha1-/aGedh/Ad+Af+/3G6f38WeiAbNg=",
      "dev": true
    },
    "jsencrypt": {
      "version": "3.0.0-rc.1",
      "resolved": "https://registry.npmjs.org/jsencrypt/-/jsencrypt-3.0.0-rc.1.tgz",
      "integrity": "sha512-gcvGaqerlUJy1Kq6tNgPYteVEoWNemu+9hBe2CdsCIz4rVcwjoTQ72iD1W76/PRMlnkzG0yVh7nwOOMOOUfKmg==",
      "dev": true
    }
  }
}
